dependencies:
- name: nats
  repository: https://nats-io.github.io/k8s/helm/charts/
  version: 1.2.1
- name: jaeger
  repository: https://jaegertracing.github.io/helm-charts
  version: 3.1.1
- name: postgresql
  repository: https://charts.bitnami.com/bitnami
  version: 12.5.6
- name: postgresql
  repository: https://charts.bitnami.com/bitnami
  version: 12.5.6
- name: postgresql
  repository: https://charts.bitnami.com/bitnami
  version: 12.5.6
- name: postgresql
  repository: https://charts.bitnami.com/bitnami
  version: 12.5.6
- name: postgresql
  repository: https://charts.bitnami.com/bitnami
  version: 12.5.6
- name: postgresql
  repository: https://charts.bitnami.com/bitnami
  version: 12.5.6
- name: postgresql
  repository: https://charts.bitnami.com/bitnami
  version: 12.5.6
- name: postgresql
  repository: https://charts.bitnami.com/bitnami
  version: 12.5.6
- name: postgresql
  repository: https://charts.bitnami.com/bitnami
  version: 12.5.6
- name: postgresql
  repository: https://charts.bitnami.com/bitnami
  version: 12.5.6
- name: postgresql
  repository: https://charts.bitnami.com/bitnami
  version: 12.5.6
- name: redis
  repository: https://charts.bitnami.com/bitnami
  version: 19.6.2
- name: vault
  repository: https://helm.releases.hashicorp.com
  version: 0.28.1
digest: sha256:23304aa3b2130b5f1dff9a111f0091548df74d444ff38fe85a9675514d520997
generated: "2025-01-22T17:43:20.602140475+03:00"
