dependencies:
- name: common
  repository: https://charts.bitnami.com/bitnami
  version: 2.27.0
- name: nats
  repository: https://nats-io.github.io/k8s/helm/charts/
  version: 1.2.1
- name: jaeger
  repository: https://jaegertracing.github.io/helm-charts
  version: 3.1.1
- name: cassandra
  repository: https://charts.bitnami.com/bitnami
  version: 12.1.3
- name: postgresql
  repository: https://charts.bitnami.com/bitnami
  version: 15.2.10
- name: postgresql
  repository: https://charts.bitnami.com/bitnami
  version: 15.2.10
- name: postgresql
  repository: https://charts.bitnami.com/bitnami
  version: 15.2.10
- name: postgresql
  repository: https://charts.bitnami.com/bitnami
  version: 15.2.10
- name: postgresql
  repository: https://charts.bitnami.com/bitnami
  version: 15.2.10
- name: postgresql
  repository: https://charts.bitnami.com/bitnami
  version: 15.2.10
- name: postgresql
  repository: https://charts.bitnami.com/bitnami
  version: 15.2.10
- name: postgresql
  repository: https://charts.bitnami.com/bitnami
  version: 15.2.10
- name: postgresql
  repository: https://charts.bitnami.com/bitnami
  version: 15.2.10
- name: postgresql
  repository: https://charts.bitnami.com/bitnami
  version: 15.2.10
- name: redis
  repository: https://charts.bitnami.com/bitnami
  version: 19.6.2
- name: redis
  repository: https://charts.bitnami.com/bitnami
  version: 19.6.2
- name: vault
  repository: https://helm.releases.hashicorp.com
  version: 0.28.1
- name: prometheus
  repository: https://prometheus-community.github.io/helm-charts
  version: 27.3.0
- name: fluent-bit
  repository: https://fluent.github.io/helm-charts
  version: 0.48.5
- name: opensearch
  repository: https://charts.bitnami.com/bitnami
  version: 1.6.3
digest: sha256:161899c35c3ca4871b07761c93fb22e4bfaa1712d176bdb66aea2f670ac933a0
generated: "2025-03-07T14:21:06.957813984+03:00"
