dependencies:
- name: nats
  repository: https://charts.helm.sh/stable
  version: 4.3.7
- name: postgresql
  repository: https://charts.bitnami.com/bitnami
  version: 10.2.3
- name: postgresql
  repository: https://charts.bitnami.com/bitnami
  version: 10.2.3
- name: postgresql
  repository: https://charts.bitnami.com/bitnami
  version: 10.2.3
- name: postgresql
  repository: https://charts.bitnami.com/bitnami
  version: 10.2.3
- name: postgresql
  repository: https://charts.bitnami.com/bitnami
  version: 10.2.3
- name: redis
  repository: https://charts.bitnami.com/bitnami
  version: 12.6.2
- name: redis
  repository: https://charts.bitnami.com/bitnami
  version: 12.6.2
- name: redis
  repository: https://charts.bitnami.com/bitnami
  version: 12.6.2
- name: redis
  repository: https://charts.bitnami.com/bitnami
  version: 12.6.2
- name: redis
  repository: https://charts.bitnami.com/bitnami
  version: 12.6.2
- name: influxdb
  repository: https://charts.bitnami.com/bitnami
  version: 1.1.9
- name: mongodb
  repository: https://charts.bitnami.com/bitnami
  version: 10.4.1
- name: postgresql
  repository: https://charts.bitnami.com/bitnami
  version: 10.2.3
digest: sha256:f01240638210c794bb23bcb703b898001e2b471d5cff97e374aeba8bf1c82199
generated: "2021-05-24T02:45:25.652179725Z"
