dependencies:
- name: nats
  repository: https://charts.helm.sh/stable
  version: 4.3.7
- name: postgresql
  repository: https://charts.bitnami.com/bitnami
  version: 12.5.6
- name: postgresql
  repository: https://charts.bitnami.com/bitnami
  version: 12.5.6
- name: postgresql
  repository: https://charts.bitnami.com/bitnami
  version: 12.5.6
- name: postgresql
  repository: https://charts.bitnami.com/bitnami
  version: 12.5.6
- name: postgresql
  repository: https://charts.bitnami.com/bitnami
  version: 12.5.6
- name: postgresql
  repository: https://charts.bitnami.com/bitnami
  version: 12.5.6
- name: redis
  repository: https://charts.bitnami.com/bitnami
  version: 17.11.3
- name: redis
  repository: https://charts.bitnami.com/bitnami
  version: 17.11.3
- name: redis
  repository: https://charts.bitnami.com/bitnami
  version: 17.11.3
- name: redis
  repository: https://charts.bitnami.com/bitnami
  version: 17.11.3
- name: redis
  repository: https://charts.bitnami.com/bitnami
  version: 17.11.3
- name: influxdb
  repository: https://charts.bitnami.com/bitnami
  version: 5.6.1
- name: mongodb
  repository: https://charts.bitnami.com/bitnami
  version: 13.15.1
- name: postgresql
  repository: https://charts.bitnami.com/bitnami
  version: 12.5.6
- name: loki-stack
  repository: https://grafana.github.io/helm-charts
  version: 2.5.0
- name: keto
  repository: https://k8s.ory.sh/helm/charts
  version: 0.21.7
digest: sha256:97e6d89fabcb8c94f42bc10089732231e176433dfc10f8cf746ac4cd5e21c5ea
generated: "2023-06-08T14:13:49.890221+03:00"
