dependencies:
- name: nats
  repository: https://charts.helm.sh/stable
  version: 4.3.7
- name: postgresql
  repository: https://charts.bitnami.com/bitnami
  version: 10.2.3
- name: postgresql
  repository: https://charts.bitnami.com/bitnami
  version: 10.2.3
- name: postgresql
  repository: https://charts.bitnami.com/bitnami
  version: 10.2.3
- name: postgresql
  repository: https://charts.bitnami.com/bitnami
  version: 10.2.3
- name: postgresql
  repository: https://charts.bitnami.com/bitnami
  version: 10.2.3
- name: redis
  repository: https://charts.bitnami.com/bitnami
  version: 12.6.2
- name: redis
  repository: https://charts.bitnami.com/bitnami
  version: 12.6.2
- name: redis
  repository: https://charts.bitnami.com/bitnami
  version: 12.6.2
- name: redis
  repository: https://charts.bitnami.com/bitnami
  version: 12.6.2
- name: redis
  repository: https://charts.bitnami.com/bitnami
  version: 12.6.2
- name: influxdb
  repository: https://charts.bitnami.com/bitnami
  version: 1.1.9
- name: mongodb
  repository: https://charts.bitnami.com/bitnami
  version: 10.4.1
- name: postgresql
  repository: https://charts.bitnami.com/bitnami
  version: 10.2.3
- name: loki-stack
  repository: https://grafana.github.io/helm-charts
  version: 2.5.0
digest: sha256:b8e22daa1dae5d2a18d59a2187d720417cb2e718f0530cf25fa8dfd2f90a3f66
generated: "2022-01-28T15:59:34.378322252+01:00"
